# This file was autogenerated by Stack.
# You should not edit this file by hand.
# For more information, please see the documentation at:
#   https://docs.haskellstack.org/en/stable/lock_files

packages:
- completed:
    name: X11
    version: 1.10.3.9
    git: https://github.com/xmonad/X11.git
    pantry-tree:
      size: 3504
      sha256: 74aa72765ba1910a367cff47b2a93cd57ea068b8cc567b1661e0ff06df09cd6c
    commit: 55829ab223bc924de81493681992dd1c75edf030
  original:
    git: https://github.com/xmonad/X11.git
    commit: 55829ab223bc924de81493681992dd1c75edf030
snapshots:
- completed:
    size: 587393
    url: https://raw.githubusercontent.com/commercialhaskell/stackage-snapshots/master/lts/18/25.yaml
    sha256: 1b74fb5e970497b5aefae56703f1bd44aa648bd1a5ef95c1eb8c29775087e2bf
  original:
    url: https://raw.githubusercontent.com/commercialhaskell/stackage-snapshots/master/lts/18/25.yaml
